{
    "_readme": [
        "This file locks the dependencies of your project to a known state",
        "Read more about it at https://getcomposer.org/doc/01-basic-usage.md#composer-lock-the-lock-file",
        "This file is @generated automatically"
    ],
    "content-hash": "67eb19d4b64b5eccb3b95b0aa1464435",
    "packages": [
        {
            "name": "ably/ably-php",
            "version": "1.0.1",
            "source": {
                "type": "git",
                "url": "https://github.com/ably/ably-php.git",
                "reference": "c8602c645e64277d4f9af6c10af855983473c792"
            },
            "dist": {
                "type": "zip",
                "url": "https://api.github.com/repos/ably/ably-php/zipball/c8602c645e64277d4f9af6c10af855983473c792",
                "reference": "c8602c645e64277d4f9af6c10af855983473c792",
                "shasum": ""
            },
            "require": {
                "ext-curl": "*",
                "ext-json": "*",
                "ext-openssl": "*",
                "php": ">=5.4"
            },
            "require-dev": {
                "phpunit/phpunit": ">=4.5"
            },
            "type": "library",
            "autoload": {
                "psr-4": {
                    "Ably\\": "src/"
                }
            },
            "notification-url": "https://packagist.org/downloads/",
            "license": [
                "Apache-2.0"
            ],
            "authors": [
                {
                    "name": "Ably",
                    "email": "support@ably.io"
                }
            ],
            "description": "Ably REST client library for PHP.",
            "homepage": "https://www.ably.io/",
            "keywords": [
                "ably",
                "messages",
                "messaging"
            ],
            "time": "2017-05-16T13:26:28+00:00"
        }
    ],
    "packages-dev": [],
    "aliases": [],
    "minimum-stability": "stable",
    "stability-flags": [],
    "prefer-stable": false,
    "prefer-lowest": false,
    "platform": [],
    "platform-dev": []
}
